
Microsoft Visual Studio Solution File, Format Version 12.00
# Visual Studio 2012
Project("{FAE04EC0-301F-11D3-BF4B-00C04F79EFBC}") = "MirClientWindow_CSharp", "MirClientWindow_CSharp\MirClientWindow_CSharp.csproj", "{AC868E92-0E3B-48C4-B949-738916F7DC21}"
EndProject
Global
	GlobalSection(SolutionConfigurationPlatforms) = preSolution
		Debug|x86 = Debug|x86
		Release|x86 = Release|x86
	EndGlobalSection
	GlobalSection(ProjectConfigurationPlatforms) = postSolution
		{AC868E92-0E3B-48C4-B949-738916F7DC21}.Debug|x86.ActiveCfg = Debug|x86
		{AC868E92-0E3B-48C4-B949-738916F7DC21}.Debug|x86.Build.0 = Debug|x86
		{AC868E92-0E3B-48C4-B949-738916F7DC21}.Release|x86.ActiveCfg = Release|x86
		{AC868E92-0E3B-48C4-B949-738916F7DC21}.Release|x86.Build.0 = Release|x86
	EndGlobalSection
EndGlobal
